
Microsoft Visual Studio Solution File, Format Version 12.00
# Visual Studio Version 16
VisualStudioVersion = 16.0.31129.286
MinimumVisualStudioVersion = 10.0.40219.1
Project("{FAE04EC0-301F-11D3-BF4B-00C04F79EFBC}") = "Lms.Api", "Lms.Api\Lms.Api.csproj", "{D97F9D11-851F-4A3F-B889-365E96EF12DE}"
EndProject
Project("{FAE04EC0-301F-11D3-BF4B-00C04F79EFBC}") = "Lms.Core", "Lms.Core\Lms.Core.csproj", "{BEA3385A-1A86-487E-9328-77CFD41F81A4}"
EndProject
Project("{FAE04EC0-301F-11D3-BF4B-00C04F79EFBC}") = "Lms.Data", "Lms.Data\Lms.Data.csproj", "{87C1ED5C-2ED6-44AB-A1E9-17C3D6843CF7}"
EndProject
Global
	GlobalSection(SolutionConfigurationPlatforms) = preSolution
		Debug|Any CPU = Debug|Any CPU
		Release|Any CPU = Release|Any CPU
	EndGlobalSection
	GlobalSection(ProjectConfigurationPlatforms) = postSolution
		{D97F9D11-851F-4A3F-B889-365E96EF12DE}.Debug|Any CPU.ActiveCfg = Debug|Any CPU
		{D97F9D11-851F-4A3F-B889-365E96EF12DE}.Debug|Any CPU.Build.0 = Debug|Any CPU
		{D97F9D11-851F-4A3F-B889-365E96EF12DE}.Release|Any CPU.ActiveCfg = Release|Any CPU
		{D97F9D11-851F-4A3F-B889-365E96EF12DE}.Release|Any CPU.Build.0 = Release|Any CPU
		{BEA3385A-1A86-487E-9328-77CFD41F81A4}.Debug|Any CPU.ActiveCfg = Debug|Any CPU
		{BEA3385A-1A86-487E-9328-77CFD41F81A4}.Debug|Any CPU.Build.0 = Debug|Any CPU
		{BEA3385A-1A86-487E-9328-77CFD41F81A4}.Release|Any CPU.ActiveCfg = Release|Any CPU
		{BEA3385A-1A86-487E-9328-77CFD41F81A4}.Release|Any CPU.Build.0 = Release|Any CPU
		{87C1ED5C-2ED6-44AB-A1E9-17C3D6843CF7}.Debug|Any CPU.ActiveCfg = Debug|Any CPU
		{87C1ED5C-2ED6-44AB-A1E9-17C3D6843CF7}.Debug|Any CPU.Build.0 = Debug|Any CPU
		{87C1ED5C-2ED6-44AB-A1E9-17C3D6843CF7}.Release|Any CPU.ActiveCfg = Release|Any CPU
		{87C1ED5C-2ED6-44AB-A1E9-17C3D6843CF7}.Release|Any CPU.Build.0 = Release|Any CPU
	EndGlobalSection
	GlobalSection(SolutionProperties) = preSolution
		HideSolutionNode = FALSE
	EndGlobalSection
	GlobalSection(ExtensibilityGlobals) = postSolution
		SolutionGuid = {0C70EDE8-C6DB-4370-8813-8051690AA5C2}
	EndGlobalSection
EndGlobal
